// !$*UTF8*$!
{
	archiveVersion = 1;
	classes = {
	};
	objectVersion = 46;
	objects = {

/* Begin PBXBuildFile section */
		3C5F02BC1AA3DBC0005D9D43 /* AppDelegate.swift in Sources */ = {isa = PBXBuildFile; fileRef = 3C5F02BB1AA3DBC0005D9D43 /* AppDelegate.swift */; };
		3C5F02BE1AA3DBC1005D9D43 /* ViewController.swift in Sources */ = {isa = PBXBuildFile; fileRef = 3C5F02BD1AA3DBC1005D9D43 /* ViewController.swift */; };
		3C5F02C11AA3DBC1005D9D43 /* Main.storyboard in Resources */ = {isa = PBXBuildFile; fileRef = 3C5F02BF1AA3DBC1005D9D43 /* Main.storyboard */; };
		3C5F02C31AA3DBC1005D9D43 /* Images.xcassets in Resources */ = {isa = PBXBuildFile; fileRef = 3C5F02C21AA3DBC1005D9D43 /* Images.xcassets */; };
		3C5F02C61AA3DBC1005D9D43 /* LaunchScreen.xib in Resources */ = {isa = PBXBuildFile; fileRef = 3C5F02C41AA3DBC1005D9D43 /* LaunchScreen.xib */; };
		3C5F02D21AA3DBC1005D9D43 /* CalculatorTests.swift in Sources */ = {isa = PBXBuildFile; fileRef = 3C5F02D11AA3DBC1005D9D43 /* CalculatorTests.swift */; };
/* End PBXBuildFile section */

/* Begin PBXContainerItemProxy section */
		3C5F02CC1AA3DBC1005D9D43 /* PBXContainerItemProxy */ = {
			isa = PBXContainerItemProxy;
			containerPortal = 3C5F02AE1AA3DBC0005D9D43 /* Project object */;
			proxyType = 1;
			remoteGlobalIDString = 3C5F02B51AA3DBC0005D9D43;
			remoteInfo = Calculator;
		};
/* End PBXContainerItemProxy section */

/* Begin PBXFileReference section */
		3C5F02B61AA3DBC0005D9D43 /* Calculator.app */ = {isa = PBXFileReference; explicitFileType = wrapper.application; includeInIndex = 0; path = Calculator.app; sourceTree = BUILT_PRODUCTS_DIR; };
		3C5F02BA1AA3DBC0005D9D43 /* Info.plist */ = {isa = PBXFileReference; lastKnownFileType = text.plist.xml; path = Info.plist; sourceTree = "<group>"; };
		3C5F02BB1AA3DBC0005D9D43 /* AppDelegate.swift */ = {isa = PBXFileReference; lastKnownFileType = sourcecode.swift; path = AppDelegate.swift; sourceTree = "<group>"; };
		3C5F02BD1AA3DBC1005D9D43 /* ViewController.swift */ = {isa = PBXFileReference; lastKnownFileType = sourcecode.swift; path = ViewController.swift; sourceTree = "<group>"; };
		3C5F02C01AA3DBC1005D9D43 /* Base */ = {isa = PBXFileReference; lastKnownFileType = file.storyboard; name = Base; path = Base.lproj/Main.storyboard; sourceTree = "<group>"; };
		3C5F02C21AA3DBC1005D9D43 /* Images.xcassets */ = {isa = PBXFileReference; lastKnownFileType = folder.assetcatalog; path = Images.xcassets; sourceTree = "<group>"; };
		3C5F02C51AA3DBC1005D9D43 /* Base */ = {isa = PBXFileReference; lastKnownFileType = file.xib; name = Base; path = Base.lproj/LaunchScreen.xib; sourceTree = "<group>"; };
		3C5F02CB1AA3DBC1005D9D43 /* CalculatorTests.xctest */ = {isa = PBXFileReference; explicitFileType = wrapper.cfbundle; includeInIndex = 0; path = CalculatorTests.xctest; sourceTree = BUILT_PRODUCTS_DIR; };
		3C5F02D01AA3DBC1005D9D43 /* Info.plist */ = {isa = PBXFileReference; lastKnownFileType = text.plist.xml; path = Info.plist; sourceTree = "<group>"; };
		3C5F02D11AA3DBC1005D9D43 /* CalculatorTests.swift */ = {isa = PBXFileReference; lastKnownFileType = sourcecode.swift; path = CalculatorTests.swift; sourceTree = "<group>"; };
/* End PBXFileReference section */

/* Begin PBXFrameworksBuildPhase section */
		3C5F02B31AA3DBC0005D9D43 /* Frameworks */ = {
			isa = PBXFrameworksBuildPhase;
			buildActionMask = 2147483647;
			files = (
			);
			runOnlyForDeploymentPostprocessing = 0;
		};
		3C5F02C81AA3DBC1005D9D43 /* Frameworks */ = {
			isa = PBXFrameworksBuildPhase;
			buildActionMask = 2147483647;
			files = (
			);
			runOnlyForDeploymentPostprocessing = 0;
		};
/* End PBXFrameworksBuildPhase section */

/* Begin PBXGroup section */
		3C5F02AD1AA3DBC0005D9D43 = {
			isa = PBXGroup;
			children = (
				3C5F02B81AA3DBC0005D9D43 /* Calculator */,
				3C5F02CE1AA3DBC1005D9D43 /* CalculatorTests */,
				3C5F02B71AA3DBC0005D9D43 /* Products */,
			);
			sourceTree = "<group>";
		};
		3C5F02B71AA3DBC0005D9D43 /* Products */ = {
			isa = PBXGroup;
			children = (
				3C5F02B61AA3DBC0005D9D43 /* Calculator.app */,
				3C5F02CB1AA3DBC1005D9D43 /* CalculatorTests.xctest */,
			);
			name = Products;
			sourceTree = "<group>";
		};
		3C5F02B81AA3DBC0005D9D43 /* Calculator */ = {
			isa = PBXGroup;
			children = (
				3C5F02BD1AA3DBC1005D9D43 /* ViewController.swift */,
				3C5F02BF1AA3DBC1005D9D43 /* Main.storyboard */,
				3C5F02B91AA3DBC0005D9D43 /* Supporting Files */,
			);
			path = Calculator;
			sourceTree = "<group>";
		};
		3C5F02B91AA3DBC0005D9D43 /* Supporting Files */ = {
			isa = PBXGroup;
			children = (
				3C5F02C41AA3DBC1005D9D43 /* LaunchScreen.xib */,
				3C5F02C21AA3DBC1005D9D43 /* Images.xcassets */,
				3C5F02BB1AA3DBC0005D9D43 /* AppDelegate.swift */,
				3C5F02BA1AA3DBC0005D9D43 /* Info.plist */,
			);
			name = "Supporting Files";
			sourceTree = "<group>";
		};
		3C5F02CE1AA3DBC1005D9D43 /* CalculatorTests */ = {
			isa = PBXGroup;
			children = (
				3C5F02D11AA3DBC1005D9D43 /* CalculatorTests.swift */,
				3C5F02CF1AA3DBC1005D9D43 /* Supporting Files */,
			);
			path = CalculatorTests;
			sourceTree = "<group>";
		};
		3C5F02CF1AA3DBC1005D9D43 /* Supporting Files */ = {
			isa = PBXGroup;
			children = (
				3C5F02D01AA3DBC1005D9D43 /* Info.plist */,
			);
			name = "Supporting Files";
			sourceTree = "<group>";
		};
/* End PBXGroup section */

/* Begin PBXNativeTarget section */
		3C5F02B51AA3DBC0005D9D43 /* Calculator */ = {
			isa = PBXNativeTarget;
			buildConfigurationList = 3C5F02D51AA3DBC1005D9D43 /* Build configuration list for PBXNativeTarget "Calculator" */;
			buildPhases = (
				3C5F02B21AA3DBC0005D9D43 /* Sources */,
				3C5F02B31AA3DBC0005D9D43 /* Frameworks */,
				3C5F02B41AA3DBC0005D9D43 /* Resources */,
			);
			buildRules = (
			);
			dependencies = (
			);
			name = Calculator;
			productName = Calculator;
			productReference = 3C5F02B61AA3DBC0005D9D43 /* Calculator.app */;
			productType = "com.apple.product-type.application";
		};
		3C5F02CA1AA3DBC1005D9D43 /* CalculatorTests */ = {
			isa = PBXNativeTarget;
			buildConfigurationList = 3C5F02D81AA3DBC1005D9D43 /* Build configuration list for PBXNativeTarget "CalculatorTests" */;
			buildPhases = (
				3C5F02C71AA3DBC1005D9D43 /* Sources */,
				3C5F02C81AA3DBC1005D9D43 /* Frameworks */,
				3C5F02C91AA3DBC1005D9D43 /* Resources */,
			);
			buildRules = (
			);
			dependencies = (
				3C5F02CD1AA3DBC1005D9D43 /* PBXTargetDependency */,
			);
			name = CalculatorTests;
			productName = CalculatorTests;
			productReference = 3C5F02CB1AA3DBC1005D9D43 /* CalculatorTests.xctest */;
			productType = "com.apple.product-type.bundle.unit-test";
		};
/* End PBXNativeTarget section */

/* Begin PBXProject section */
		3C5F02AE1AA3DBC0005D9D43 /* Project object */ = {
			isa = PBXProject;
			attributes = {
				LastUpgradeCheck = 0610;
				ORGANIZATIONNAME = "Manson Jones";
				TargetAttributes = {
					3C5F02B51AA3DBC0005D9D43 = {
						CreatedOnToolsVersion = 6.1.1;
					};
					3C5F02CA1AA3DBC1005D9D43 = {
						CreatedOnToolsVersion = 6.1.1;
						TestTargetID = 3C5F02B51AA3DBC0005D9D43;
					};
				};
			};
			buildConfigurationList = 3C5F02B11AA3DBC0005D9D43 /* Build configuration list for PBXProject "Calculator" */;
			compatibilityVersion = "Xcode 3.2";
			developmentRegion = English;
			hasScannedForEncodings = 0;
			knownRegions = (
				en,
				Base,
			);
			mainGroup = 3C5F02AD1AA3DBC0005D9D43;
			productRefGroup = 3C5F02B71AA3DBC0005D9D43 /* Products */;
			projectDirPath = "";
			projectRoot = "";
			targets = (
				3C5F02B51AA3DBC0005D9D43 /* Calculator */,
				3C5F02CA1AA3DBC1005D9D43 /* CalculatorTests */,
			);
		};
/* End PBXProject section */

/* Begin PBXResourcesBuildPhase section */
		3C5F02B41AA3DBC0005D9D43 /* Resources */ = {
			isa = PBXResourcesBuildPhase;
			buildActionMask = 2147483647;
			files = (
				3C5F02C11AA3DBC1005D9D43 /* Main.storyboard in Resources */,
				3C5F02C61AA3DBC1005D9D43 /* LaunchScreen.xib in Resources */,
				3C5F02C31AA3DBC1005D9D43 /* Images.xcassets in Resources */,
			);
			runOnlyForDeploymentPostprocessing = 0;
		};
		3C5F02C91AA3DBC1005D9D43 /* Resources */ = {
			isa = PBXResourcesBuildPhase;
			buildActionMask = 2147483647;
			files = (
			);
			runOnlyForDeploymentPostprocessing = 0;
		};
/* End PBXResourcesBuildPhase section */

/* Begin PBXSourcesBuildPhase section */
		3C5F02B21AA3DBC0005D9D43 /* Sources */ = {
			isa = PBXSourcesBuildPhase;
			buildActionMask = 2147483647;
			files = (
				3C5F02BE1AA3DBC1005D9D43 /* ViewController.swift in Sources */,
				3C5F02BC1AA3DBC0005D9D43 /* AppDelegate.swift in Sources */,
			);
			runOnlyForDeploymentPostprocessing = 0;
		};
		3C5F02C71AA3DBC1005D9D43 /* Sources */ = {
			isa = PBXSourcesBuildPhase;
			buildActionMask = 2147483647;
			files = (
				3C5F02D21AA3DBC1005D9D43 /* CalculatorTests.swift in Sources */,
			);
			runOnlyForDeploymentPostprocessing = 0;
		};
/* End PBXSourcesBuildPhase section */

/* Begin PBXTargetDependency section */
		3C5F02CD1AA3DBC1005D9D43 /* PBXTargetDependency */ = {
			isa = PBXTargetDependency;
			target = 3C5F02B51AA3DBC0005D9D43 /* Calculator */;
			targetProxy = 3C5F02CC1AA3DBC1005D9D43 /* PBXContainerItemProxy */;
		};
/* End PBXTargetDependency section */

/* Begin PBXVariantGroup section */
		3C5F02BF1AA3DBC1005D9D43 /* Main.storyboard */ = {
			isa = PBXVariantGroup;
			children = (
				3C5F02C01AA3DBC1005D9D43 /* Base */,
			);
			name = Main.storyboard;
			sourceTree = "<group>";
		};
		3C5F02C41AA3DBC1005D9D43 /* LaunchScreen.xib */ = {
			isa = PBXVariantGroup;
			children = (
				3C5F02C51AA3DBC1005D9D43 /* Base */,
			);
			name = LaunchScreen.xib;
			sourceTree = "<group>";
		};
/* End PBXVariantGroup section */

/* Begin XCBuildConfiguration section */
		3C5F02D31AA3DBC1005D9D43 /* Debug */ = {
			isa = XCBuildConfiguration;
			buildSettings = {
				ALWAYS_SEARCH_USER_PATHS = NO;
				CLANG_CXX_LANGUAGE_STANDARD = "gnu++0x";
				CLANG_CXX_LIBRARY = "libc++";
				CLANG_ENABLE_MODULES = YES;
				CLANG_ENABLE_OBJC_ARC = YES;
				CLANG_WARN_BOOL_CONVERSION = YES;
				CLANG_WARN_CONSTANT_CONVERSION = YES;
				CLANG_WARN_DIRECT_OBJC_ISA_USAGE = YES_ERROR;
				CLANG_WARN_EMPTY_BODY = YES;
				CLANG_WARN_ENUM_CONVERSION = YES;
				CLANG_WARN_INT_CONVERSION = YES;
				CLANG_WARN_OBJC_ROOT_CLASS = YES_ERROR;
				CLANG_WARN_UNREACHABLE_CODE = YES;
				CLANG_WARN__DUPLICATE_METHOD_MATCH = YES;
				"CODE_SIGN_IDENTITY[sdk=iphoneos*]" = "iPhone Developer";
				COPY_PHASE_STRIP = NO;
				ENABLE_STRICT_OBJC_MSGSEND = YES;
				GCC_C_LANGUAGE_STANDARD = gnu99;
				GCC_DYNAMIC_NO_PIC = NO;
				GCC_OPTIMIZATION_LEVEL = 0;
				GCC_PREPROCESSOR_DEFINITIONS = (
					"DEBUG=1",
					"$(inherited)",
				);
				GCC_SYMBOLS_PRIVATE_EXTERN = NO;
				GCC_WARN_64_TO_32_BIT_CONVERSION = YES;
				GCC_WARN_ABOUT_RETURN_TYPE = YES_ERROR;
				GCC_WARN_UNDECLARED_SELECTOR = YES;
				GCC_WARN_UNINITIALIZED_AUTOS = YES_AGGRESSIVE;
				GCC_WARN_UNUSED_FUNCTION = YES;
				GCC_WARN_UNUSED_VARIABLE = YES;
				IPHONEOS_DEPLOYMENT_TARGET = 8.1;
				MTL_ENABLE_DEBUG_INFO = YES;
				ONLY_ACTIVE_ARCH = YES;
				SDKROOT = iphoneos;
				SWIFT_OPTIMIZATION_LEVEL = "-Onone";
				TARGETED_DEVICE_FAMILY = "1,2";
			};
			name = Debug;
		};
		3C5F02D41AA3DBC1005D9D43 /* Release */ = {
			isa = XCBuildConfiguration;
			buildSettings = {
				ALWAYS_SEARCH_USER_PATHS = NO;
				CLANG_CXX_LANGUAGE_STANDARD = "gnu++0x";
				CLANG_CXX_LIBRARY = "libc++";
				CLANG_ENABLE_MODULES = YES;
				CLANG_ENABLE_OBJC_ARC = YES;
				CLANG_WARN_BOOL_CONVERSION = YES;
				CLANG_WARN_CONSTANT_CONVERSION = YES;
				CLANG_WARN_DIRECT_OBJC_ISA_USAGE = YES_ERROR;
				CLANG_WARN_EMPTY_BODY = YES;
				CLANG_WARN_ENUM_CONVERSION = YES;
				CLANG_WARN_INT_CONVERSION = YES;
				CLANG_WARN_OBJC_ROOT_CLASS = YES_ERROR;
				CLANG_WARN_UNREACHABLE_CODE = YES;
				CLANG_WARN__DUPLICATE_METHOD_MATCH = YES;
				"CODE_SIGN_IDENTITY[sdk=iphoneos*]" = "iPhone Developer";
				COPY_PHASE_STRIP = YES;
				ENABLE_NS_ASSERTIONS = NO;
				ENABLE_STRICT_OBJC_MSGSEND = YES;
				GCC_C_LANGUAGE_STANDARD = gnu99;
				GCC_WARN_64_TO_32_BIT_CONVERSION = YES;
				GCC_WARN_ABOUT_RETURN_TYPE = YES_ERROR;
				GCC_WARN_UNDECLARED_SELECTOR = YES;
				GCC_WARN_UNINITIALIZED_AUTOS = YES_AGGRESSIVE;
				GCC_WARN_UNUSED_FUNCTION = YES;
				GCC_WARN_UNUSED_VARIABLE = YES;
				IPHONEOS_DEPLOYMENT_TARGET = 8.1;
				MTL_ENABLE_DEBUG_INFO = NO;
				SDKROOT = iphoneos;
				TARGETED_DEVICE_FAMILY = "1,2";
				VALIDATE_PRODUCT = YES;
			};
			name = Release;
		};
		3C5F02D61AA3DBC1005D9D43 /* Debug */ = {
			isa = XCBuildConfiguration;
			buildSettings = {
				ASSETCATALOG_COMPILER_APPICON_NAME = AppIcon;
				INFOPLIST_FILE = Calculator/Info.plist;
				LD_RUNPATH_SEARCH_PATHS = "$(inherited) @executable_path/Frameworks";
				PRODUCT_NAME = "$(TARGET_NAME)";
			};
			name = Debug;
		};
		3C5F02D71AA3DBC1005D9D43 /* Release */ = {
			isa = XCBuildConfiguration;
			buildSettings = {
				ASSETCATALOG_COMPILER_APPICON_NAME = AppIcon;
				INFOPLIST_FILE = Calculator/Info.plist;
				LD_RUNPATH_SEARCH_PATHS = "$(inherited) @executable_path/Frameworks";
				PRODUCT_NAME = "$(TARGET_NAME)";
			};
			name = Release;
		};
		3C5F02D91AA3DBC1005D9D43 /* Debug */ = {
			isa = XCBuildConfiguration;
			buildSettings = {
				BUNDLE_LOADER = "$(TEST_HOST)";
				FRAMEWORK_SEARCH_PATHS = (
					"$(SDKROOT)/Developer/Library/Frameworks",
					"$(inherited)",
				);
				GCC_PREPROCESSOR_DEFINITIONS = (
					"DEBUG=1",
					"$(inherited)",
				);
				INFOPLIST_FILE = CalculatorTests/Info.plist;
				LD_RUNPATH_SEARCH_PATHS = "$(inherited) @executable_path/Frameworks @loader_path/Frameworks";
				PRODUCT_NAME = "$(TARGET_NAME)";
				TEST_HOST = "$(BUILT_PRODUCTS_DIR)/Calculator.app/Calculator";
			};
			name = Debug;
		};
		3C5F02DA1AA3DBC1005D9D43 /* Release */ = {
			isa = XCBuildConfiguration;
			buildSettings = {
				BUNDLE_LOADER = "$(TEST_HOST)";
				FRAMEWORK_SEARCH_PATHS = (
					"$(SDKROOT)/Developer/Library/Frameworks",
					"$(inherited)",
				);
				INFOPLIST_FILE = CalculatorTests/Info.plist;
				LD_RUNPATH_SEARCH_PATHS = "$(inherited) @executable_path/Frameworks @loader_path/Frameworks";
				PRODUCT_NAME = "$(TARGET_NAME)";
				TEST_HOST = "$(BUILT_PRODUCTS_DIR)/Calculator.app/Calculator";
			};
			name = Release;
		};
/* End XCBuildConfiguration section */

/* Begin XCConfigurationList section */
		3C5F02B11AA3DBC0005D9D43 /* Build configuration list for PBXProject "Calculator" */ = {
			isa = XCConfigurationList;
			buildConfigurations = (
				3C5F02D31AA3DBC1005D9D43 /* Debug */,
				3C5F02D41AA3DBC1005D9D43 /* Release */,
			);
			defaultConfigurationIsVisible = 0;
			defaultConfigurationName = Release;
		};
		3C5F02D51AA3DBC1005D9D43 /* Build configuration list for PBXNativeTarget "Calculator" */ = {
			isa = XCConfigurationList;
			buildConfigurations = (
				3C5F02D61AA3DBC1005D9D43 /* Debug */,
				3C5F02D71AA3DBC1005D9D43 /* Release */,
			);
			defaultConfigurationIsVisible = 0;
		};
		3C5F02D81AA3DBC1005D9D43 /* Build configuration list for PBXNativeTarget "CalculatorTests" */ = {
			isa = XCConfigurationList;
			buildConfigurations = (
				3C5F02D91AA3DBC1005D9D43 /* Debug */,
				3C5F02DA1AA3DBC1005D9D43 /* Release */,
			);
			defaultConfigurationIsVisible = 0;
		};
/* End XCConfigurationList section */
	};
	rootObject = 3C5F02AE1AA3DBC0005D9D43 /* Project object */;
}
